Microsoft Visual Studio Solution File, Format Version 12.00
# Visual Studio 15
VisualStudioVersion = 15.0.27128.1
MinimumVisualStudioVersion = 15.0.26124.0
Project("{9A19103F-16F7-4668-BE54-9A1E7A4F7556}") = "extern-nll-gen", "src\extern-nll-gen.csproj", "{4DA311C0-1797-413F-A48E-6B3D8514FE74}"
EndProject
Project("{9A19103F-16F7-4668-BE54-9A1E7A4F7556}") = "test", "test\test.csproj", "{552806B5-DBF2-4275-8DA1-E99200A2461C}"
EndProject
Global
	GlobalSection(SolutionConfigurationPlatforms) = preSolution
		Debug|Any CPU = Debug|Any CPU
		Debug|x64 = Debug|x64
		Debug|x86 = Debug|x86
		Release|Any CPU = Release|Any CPU
		Release|x64 = Release|x64
		Release|x86 = Release|x86
	EndGlobalSection
	GlobalSection(ProjectConfigurationPlatforms) = postSolution
		{4DA311C0-1797-413F-A48E-6B3D8514FE74}.Debug|Any CPU.ActiveCfg = Debug|Any CPU
		{4DA311C0-1797-413F-A48E-6B3D8514FE74}.Debug|Any CPU.Build.0 = Debug|Any CPU
		{4DA311C0-1797-413F-A48E-6B3D8514FE74}.Debug|x64.ActiveCfg = Debug|Any CPU
		{4DA311C0-1797-413F-A48E-6B3D8514FE74}.Debug|x64.Build.0 = Debug|Any CPU
		{4DA311C0-1797-413F-A48E-6B3D8514FE74}.Debug|x86.ActiveCfg = Debug|Any CPU
		{4DA311C0-1797-413F-A48E-6B3D8514FE74}.Debug|x86.Build.0 = Debug|Any CPU
		{4DA311C0-1797-413F-A48E-6B3D8514FE74}.Release|Any CPU.ActiveCfg = Release|Any CPU
		{4DA311C0-1797-413F-A48E-6B3D8514FE74}.Release|Any CPU.Build.0 = Release|Any CPU
		{4DA311C0-1797-413F-A48E-6B3D8514FE74}.Release|x64.ActiveCfg = Release|Any CPU
		{4DA311C0-1797-413F-A48E-6B3D8514FE74}.Release|x64.Build.0 = Release|Any CPU
		{4DA311C0-1797-413F-A48E-6B3D8514FE74}.Release|x86.ActiveCfg = Release|Any CPU
		{4DA311C0-1797-413F-A48E-6B3D8514FE74}.Release|x86.Build.0 = Release|Any CPU
		{552806B5-DBF2-4275-8DA1-E99200A2461C}.Debug|Any CPU.ActiveCfg = Debug|Any CPU
		{552806B5-DBF2-4275-8DA1-E99200A2461C}.Debug|Any CPU.Build.0 = Debug|Any CPU
		{552806B5-DBF2-4275-8DA1-E99200A2461C}.Debug|x64.ActiveCfg = Debug|Any CPU
		{552806B5-DBF2-4275-8DA1-E99200A2461C}.Debug|x64.Build.0 = Debug|Any CPU
		{552806B5-DBF2-4275-8DA1-E99200A2461C}.Debug|x86.ActiveCfg = Debug|Any CPU
		{552806B5-DBF2-4275-8DA1-E99200A2461C}.Debug|x86.Build.0 = Debug|Any CPU
		{552806B5-DBF2-4275-8DA1-E99200A2461C}.Release|Any CPU.ActiveCfg = Release|Any CPU
		{552806B5-DBF2-4275-8DA1-E99200A2461C}.Release|Any CPU.Build.0 = Release|Any CPU
		{552806B5-DBF2-4275-8DA1-E99200A2461C}.Release|x64.ActiveCfg = Release|Any CPU
		{552806B5-DBF2-4275-8DA1-E99200A2461C}.Release|x64.Build.0 = Release|Any CPU
		{552806B5-DBF2-4275-8DA1-E99200A2461C}.Release|x86.ActiveCfg = Release|Any CPU
		{552806B5-DBF2-4275-8DA1-E99200A2461C}.Release|x86.Build.0 = Release|Any CPU
	EndGlobalSection
	GlobalSection(SolutionProperties) = preSolution
		HideSolutionNode = FALSE
	EndGlobalSection
	GlobalSection(ExtensibilityGlobals) = postSolution
		SolutionGuid = {F715D0AF-85D0-414D-A0B5-D650429CDB38}
	EndGlobalSection
EndGlobal
